// !$*UTF8*$!
{
	archiveVersion = 1;
	classes = {
	};
	objectVersion = 55;
	objects = {

/* Begin PBXBuildFile section */
		9A7C483C2833D1E6004267C5 /* Bill.swift in Sources */ = {isa = PBXBuildFile; fileRef = 9A7C483B2833D1E6004267C5 /* Bill.swift */; };
		9A7C483E2833D44F004267C5 /* BillViewCell.swift in Sources */ = {isa = PBXBuildFile; fileRef = 9A7C483D2833D44F004267C5 /* BillViewCell.swift */; };
		9A7C48402833D47F004267C5 /* BillViewController.swift in Sources */ = {isa = PBXBuildFile; fileRef = 9A7C483F2833D47F004267C5 /* BillViewController.swift */; };
		9AAAB1422832964B008253D7 /* User.swift in Sources */ = {isa = PBXBuildFile; fileRef = 9AAAB1412832964A008253D7 /* User.swift */; };
		9AAAB14A28329E49008253D7 /* InterfaceController.swift in Sources */ = {isa = PBXBuildFile; fileRef = 9AAAB14928329E49008253D7 /* InterfaceController.swift */; };
		9AAAB1502832B085008253D7 /* ProductListViewController.swift in Sources */ = {isa = PBXBuildFile; fileRef = 9AAAB14F2832B084008253D7 /* ProductListViewController.swift */; };
		9AAAB1522832B0C4008253D7 /* ProductListViewCell.swift in Sources */ = {isa = PBXBuildFile; fileRef = 9AAAB1512832B0C4008253D7 /* ProductListViewCell.swift */; };
		9AAAB1542832B445008253D7 /* Product.swift in Sources */ = {isa = PBXBuildFile; fileRef = 9AAAB1532832B445008253D7 /* Product.swift */; };
		9AB28C1628328875004C5A41 /* AppDelegate.swift in Sources */ = {isa = PBXBuildFile; fileRef = 9AB28C1528328875004C5A41 /* AppDelegate.swift */; };
		9AB28C1828328875004C5A41 /* SceneDelegate.swift in Sources */ = {isa = PBXBuildFile; fileRef = 9AB28C1728328875004C5A41 /* SceneDelegate.swift */; };
		9AB28C1A28328875004C5A41 /* ViewController.swift in Sources */ = {isa = PBXBuildFile; fileRef = 9AB28C1928328875004C5A41 /* ViewController.swift */; };
		9AB28C1D28328875004C5A41 /* Main.storyboard in Resources */ = {isa = PBXBuildFile; fileRef = 9AB28C1B28328875004C5A41 /* Main.storyboard */; };
		9AB28C1F28328885004C5A41 /* Assets.xcassets in Resources */ = {isa = PBXBuildFile; fileRef = 9AB28C1E28328885004C5A41 /* Assets.xcassets */; };
		9AB28C2228328885004C5A41 /* LaunchScreen.storyboard in Resources */ = {isa = PBXBuildFile; fileRef = 9AB28C2028328885004C5A41 /* LaunchScreen.storyboard */; };
/* End PBXBuildFile section */

/* Begin PBXFileReference section */
		9A7C483B2833D1E6004267C5 /* Bill.swift */ = {isa = PBXFileReference; lastKnownFileType = sourcecode.swift; path = Bill.swift; sourceTree = "<group>"; };
		9A7C483D2833D44F004267C5 /* BillViewCell.swift */ = {isa = PBXFileReference; lastKnownFileType = sourcecode.swift; path = BillViewCell.swift; sourceTree = "<group>"; };
		9A7C483F2833D47F004267C5 /* BillViewController.swift */ = {isa = PBXFileReference; lastKnownFileType = sourcecode.swift; path = BillViewController.swift; sourceTree = "<group>"; };
		9AAAB1412832964A008253D7 /* User.swift */ = {isa = PBXFileReference; lastKnownFileType = sourcecode.swift; path = User.swift; sourceTree = "<group>"; };
		9AAAB14928329E49008253D7 /* InterfaceController.swift */ = {isa = PBXFileReference; lastKnownFileType = sourcecode.swift; path = InterfaceController.swift; sourceTree = "<group>"; };
		9AAAB14F2832B084008253D7 /* ProductListViewController.swift */ = {isa = PBXFileReference; lastKnownFileType = sourcecode.swift; path = ProductListViewController.swift; sourceTree = "<group>"; };
		9AAAB1512832B0C4008253D7 /* ProductListViewCell.swift */ = {isa = PBXFileReference; lastKnownFileType = sourcecode.swift; path = ProductListViewCell.swift; sourceTree = "<group>"; };
		9AAAB1532832B445008253D7 /* Product.swift */ = {isa = PBXFileReference; lastKnownFileType = sourcecode.swift; path = Product.swift; sourceTree = "<group>"; };
		9AB28C1228328875004C5A41 /* Project2022IOS.app */ = {isa = PBXFileReference; explicitFileType = wrapper.application; includeInIndex = 0; path = Project2022IOS.app; sourceTree = BUILT_PRODUCTS_DIR; };
		9AB28C1528328875004C5A41 /* AppDelegate.swift */ = {isa = PBXFileReference; lastKnownFileType = sourcecode.swift; path = AppDelegate.swift; sourceTree = "<group>"; };
		9AB28C1728328875004C5A41 /* SceneDelegate.swift */ = {isa = PBXFileReference; lastKnownFileType = sourcecode.swift; path = SceneDelegate.swift; sourceTree = "<group>"; };
		9AB28C1928328875004C5A41 /* ViewController.swift */ = {isa = PBXFileReference; lastKnownFileType = sourcecode.swift; path = ViewController.swift; sourceTree = "<group>"; };
		9AB28C1C28328875004C5A41 /* Base */ = {isa = PBXFileReference; lastKnownFileType = file.storyboard; name = Base; path = Base.lproj/Main.storyboard; sourceTree = "<group>"; };
		9AB28C1E28328885004C5A41 /* Assets.xcassets */ = {isa = PBXFileReference; lastKnownFileType = folder.assetcatalog; path = Assets.xcassets; sourceTree = "<group>"; };
		9AB28C2128328885004C5A41 /* Base */ = {isa = PBXFileReference; lastKnownFileType = file.storyboard; name = Base; path = Base.lproj/LaunchScreen.storyboard; sourceTree = "<group>"; };
		9AB28C2328328885004C5A41 /* Info.plist */ = {isa = PBXFileReference; lastKnownFileType = text.plist.xml; path = Info.plist; sourceTree = "<group>"; };
/* End PBXFileReference section */

/* Begin PBXFrameworksBuildPhase section */
		9AB28C0F28328875004C5A41 /* Frameworks */ = {
			isa = PBXFrameworksBuildPhase;
			buildActionMask = 2147483647;
			files = (
			);
			runOnlyForDeploymentPostprocessing = 0;
		};
/* End PBXFrameworksBuildPhase section */

/* Begin PBXGroup section */
		9AAAB14028329615008253D7 /* DataModel */ = {
			isa = PBXGroup;
			children = (
				9AAAB1412832964A008253D7 /* User.swift */,
				9AAAB1532832B445008253D7 /* Product.swift */,
				9A7C483B2833D1E6004267C5 /* Bill.swift */,
			);
			name = DataModel;
			sourceTree = "<group>";
		};
		9AB28C0928328874004C5A41 = {
			isa = PBXGroup;
			children = (
				9AB28C1428328875004C5A41 /* Project2022IOS */,
				9AB28C1328328875004C5A41 /* Products */,
			);
			sourceTree = "<group>";
		};
		9AB28C1328328875004C5A41 /* Products */ = {
			isa = PBXGroup;
			children = (
				9AB28C1228328875004C5A41 /* Project2022IOS.app */,
			);
			name = Products;
			sourceTree = "<group>";
		};
		9AB28C1428328875004C5A41 /* Project2022IOS */ = {
			isa = PBXGroup;
			children = (
				9AB28C2928328A14004C5A41 /* System */,
				9AAAB14028329615008253D7 /* DataModel */,
				9AB28C1928328875004C5A41 /* ViewController.swift */,
				9AB28C1B28328875004C5A41 /* Main.storyboard */,
				9AAAB14928329E49008253D7 /* InterfaceController.swift */,
				9AB28C1728328875004C5A41 /* SceneDelegate.swift */,
				9AB28C2028328885004C5A41 /* LaunchScreen.storyboard */,
				9AB28C1E28328885004C5A41 /* Assets.xcassets */,
				9AB28C1528328875004C5A41 /* AppDelegate.swift */,
				9AB28C2328328885004C5A41 /* Info.plist */,
				9AAAB14F2832B084008253D7 /* ProductListViewController.swift */,
				9AAAB1512832B0C4008253D7 /* ProductListViewCell.swift */,
				9A7C483D2833D44F004267C5 /* BillViewCell.swift */,
				9A7C483F2833D47F004267C5 /* BillViewController.swift */,
			);
			path = Project2022IOS;
			sourceTree = "<group>";
		};
		9AB28C2928328A14004C5A41 /* System */ = {
			isa = PBXGroup;
			children = (
			);
			name = System;
			path = ..;
			sourceTree = "<group>";
		};
/* End PBXGroup section */

/* Begin PBXNativeTarget section */
		9AB28C1128328875004C5A41 /* Project2022IOS */ = {
			isa = PBXNativeTarget;
			buildConfigurationList = 9AB28C2628328885004C5A41 /* Build configuration list for PBXNativeTarget "Project2022IOS" */;
			buildPhases = (
				9AB28C0E28328875004C5A41 /* Sources */,
				9AB28C0F28328875004C5A41 /* Frameworks */,
				9AB28C1028328875004C5A41 /* Resources */,
			);
			buildRules = (
			);
			dependencies = (
			);
			name = Project2022IOS;
			productName = Project2022IOS;
			productReference = 9AB28C1228328875004C5A41 /* Project2022IOS.app */;
			productType = "com.apple.product-type.application";
		};
/* End PBXNativeTarget section */

/* Begin PBXProject section */
		9AB28C0A28328874004C5A41 /* Project object */ = {
			isa = PBXProject;
			attributes = {
				BuildIndependentTargetsInParallel = 1;
				LastSwiftUpdateCheck = 1330;
				LastUpgradeCheck = 1330;
				TargetAttributes = {
					9AB28C1128328875004C5A41 = {
						CreatedOnToolsVersion = 13.3.1;
					};
				};
			};
			buildConfigurationList = 9AB28C0D28328874004C5A41 /* Build configuration list for PBXProject "Project2022IOS" */;
			compatibilityVersion = "Xcode 13.0";
			developmentRegion = en;
			hasScannedForEncodings = 0;
			knownRegions = (
				en,
				Base,
			);
			mainGroup = 9AB28C0928328874004C5A41;
			productRefGroup = 9AB28C1328328875004C5A41 /* Products */;
			projectDirPath = "";
			projectRoot = "";
			targets = (
				9AB28C1128328875004C5A41 /* Project2022IOS */,
			);
		};
/* End PBXProject section */

/* Begin PBXResourcesBuildPhase section */
		9AB28C1028328875004C5A41 /* Resources */ = {
			isa = PBXResourcesBuildPhase;
			buildActionMask = 2147483647;
			files = (
				9AB28C2228328885004C5A41 /* LaunchScreen.storyboard in Resources */,
				9AB28C1F28328885004C5A41 /* Assets.xcassets in Resources */,
				9AB28C1D28328875004C5A41 /* Main.storyboard in Resources */,
			);
			runOnlyForDeploymentPostprocessing = 0;
		};
/* End PBXResourcesBuildPhase section */

/* Begin PBXSourcesBuildPhase section */
		9AB28C0E28328875004C5A41 /* Sources */ = {
			isa = PBXSourcesBuildPhase;
			buildActionMask = 2147483647;
			files = (
				9AAAB1522832B0C4008253D7 /* ProductListViewCell.swift in Sources */,
				9AAAB1542832B445008253D7 /* Product.swift in Sources */,
				9AAAB14A28329E49008253D7 /* InterfaceController.swift in Sources */,
				9AAAB1422832964B008253D7 /* User.swift in Sources */,
				9AB28C1A28328875004C5A41 /* ViewController.swift in Sources */,
				9AB28C1628328875004C5A41 /* AppDelegate.swift in Sources */,
				9AAAB1502832B085008253D7 /* ProductListViewController.swift in Sources */,
				9A7C48402833D47F004267C5 /* BillViewController.swift in Sources */,
				9A7C483C2833D1E6004267C5 /* Bill.swift in Sources */,
				9AB28C1828328875004C5A41 /* SceneDelegate.swift in Sources */,
				9A7C483E2833D44F004267C5 /* BillViewCell.swift in Sources */,
			);
			runOnlyForDeploymentPostprocessing = 0;
		};
/* End PBXSourcesBuildPhase section */

/* Begin PBXVariantGroup section */
		9AB28C1B28328875004C5A41 /* Main.storyboard */ = {
			isa = PBXVariantGroup;
			children = (
				9AB28C1C28328875004C5A41 /* Base */,
			);
			name = Main.storyboard;
			sourceTree = "<group>";
		};
		9AB28C2028328885004C5A41 /* LaunchScreen.storyboard */ = {
			isa = PBXVariantGroup;
			children = (
				9AB28C2128328885004C5A41 /* Base */,
			);
			name = LaunchScreen.storyboard;
			sourceTree = "<group>";
		};
/* End PBXVariantGroup section */

/* Begin XCBuildConfiguration section */
		9AB28C2428328885004C5A41 /* Debug */ = {
			isa = XCBuildConfiguration;
			buildSettings = {
				ALWAYS_SEARCH_USER_PATHS = NO;
				CLANG_ANALYZER_NONNULL = YES;
				CLANG_ANALYZER_NUMBER_OBJECT_CONVERSION = YES_AGGRESSIVE;
				CLANG_CXX_LANGUAGE_STANDARD = "gnu++17";
				CLANG_ENABLE_MODULES = YES;
				CLANG_ENABLE_OBJC_ARC = YES;
				CLANG_ENABLE_OBJC_WEAK = YES;
				CLANG_WARN_BLOCK_CAPTURE_AUTORELEASING = YES;
				CLANG_WARN_BOOL_CONVERSION = YES;
				CLANG_WARN_COMMA = YES;
				CLANG_WARN_CONSTANT_CONVERSION = YES;
				CLANG_WARN_DEPRECATED_OBJC_IMPLEMENTATIONS = YES;
				CLANG_WARN_DIRECT_OBJC_ISA_USAGE = YES_ERROR;
				CLANG_WARN_DOCUMENTATION_COMMENTS = YES;
				CLANG_WARN_EMPTY_BODY = YES;
				CLANG_WARN_ENUM_CONVERSION = YES;
				CLANG_WARN_INFINITE_RECURSION = YES;
				CLANG_WARN_INT_CONVERSION = YES;
				CLANG_WARN_NON_LITERAL_NULL_CONVERSION = YES;
				CLANG_WARN_OBJC_IMPLICIT_RETAIN_SELF = YES;
				CLANG_WARN_OBJC_LITERAL_CONVERSION = YES;
				CLANG_WARN_OBJC_ROOT_CLASS = YES_ERROR;
				CLANG_WARN_QUOTED_INCLUDE_IN_FRAMEWORK_HEADER = YES;
				CLANG_WARN_RANGE_LOOP_ANALYSIS = YES;
				CLANG_WARN_STRICT_PROTOTYPES = YES;
				CLANG_WARN_SUSPICIOUS_MOVE = YES;
				CLANG_WARN_UNGUARDED_AVAILABILITY = YES_AGGRESSIVE;
				CLANG_WARN_UNREACHABLE_CODE = YES;
				CLANG_WARN__DUPLICATE_METHOD_MATCH = YES;
				COPY_PHASE_STRIP = NO;
				DEBUG_INFORMATION_FORMAT = dwarf;
				ENABLE_STRICT_OBJC_MSGSEND = YES;
				ENABLE_TESTABILITY = YES;
				GCC_C_LANGUAGE_STANDARD = gnu11;
				GCC_DYNAMIC_NO_PIC = NO;
				GCC_NO_COMMON_BLOCKS = YES;
				GCC_OPTIMIZATION_LEVEL = 0;
				GCC_PREPROCESSOR_DEFINITIONS = (
					"DEBUG=1",
					"$(inherited)",
				);
				GCC_WARN_64_TO_32_BIT_CONVERSION = YES;
				GCC_WARN_ABOUT_RETURN_TYPE = YES_ERROR;
				GCC_WARN_UNDECLARED_SELECTOR = YES;
				GCC_WARN_UNINITIALIZED_AUTOS = YES_AGGRESSIVE;
				GCC_WARN_UNUSED_FUNCTION = YES;
				GCC_WARN_UNUSED_VARIABLE = YES;
				IPHONEOS_DEPLOYMENT_TARGET = 15.4;
				MTL_ENABLE_DEBUG_INFO = INCLUDE_SOURCE;
				MTL_FAST_MATH = YES;
				ONLY_ACTIVE_ARCH = YES;
				SDKROOT = iphoneos;
				SWIFT_ACTIVE_COMPILATION_CONDITIONS = DEBUG;
				SWIFT_OPTIMIZATION_LEVEL = "-Onone";
			};
			name = Debug;
		};
		9AB28C2528328885004C5A41 /* Release */ = {
			isa = XCBuildConfiguration;
			buildSettings = {
				ALWAYS_SEARCH_USER_PATHS = NO;
				CLANG_ANALYZER_NONNULL = YES;
				CLANG_ANALYZER_NUMBER_OBJECT_CONVERSION = YES_AGGRESSIVE;
				CLANG_CXX_LANGUAGE_STANDARD = "gnu++17";
				CLANG_ENABLE_MODULES = YES;
				CLANG_ENABLE_OBJC_ARC = YES;
				CLANG_ENABLE_OBJC_WEAK = YES;
				CLANG_WARN_BLOCK_CAPTURE_AUTORELEASING = YES;
				CLANG_WARN_BOOL_CONVERSION = YES;
				CLANG_WARN_COMMA = YES;
				CLANG_WARN_CONSTANT_CONVERSION = YES;
				CLANG_WARN_DEPRECATED_OBJC_IMPLEMENTATIONS = YES;
				CLANG_WARN_DIRECT_OBJC_ISA_USAGE = YES_ERROR;
				CLANG_WARN_DOCUMENTATION_COMMENTS = YES;
				CLANG_WARN_EMPTY_BODY = YES;
				CLANG_WARN_ENUM_CONVERSION = YES;
				CLANG_WARN_INFINITE_RECURSION = YES;
				CLANG_WARN_INT_CONVERSION = YES;
				CLANG_WARN_NON_LITERAL_NULL_CONVERSION = YES;
				CLANG_WARN_OBJC_IMPLICIT_RETAIN_SELF = YES;
				CLANG_WARN_OBJC_LITERAL_CONVERSION = YES;
				CLANG_WARN_OBJC_ROOT_CLASS = YES_ERROR;
				CLANG_WARN_QUOTED_INCLUDE_IN_FRAMEWORK_HEADER = YES;
				CLANG_WARN_RANGE_LOOP_ANALYSIS = YES;
				CLANG_WARN_STRICT_PROTOTYPES = YES;
				CLANG_WARN_SUSPICIOUS_MOVE = YES;
				CLANG_WARN_UNGUARDED_AVAILABILITY = YES_AGGRESSIVE;
				CLANG_WARN_UNREACHABLE_CODE = YES;
				CLANG_WARN__DUPLICATE_METHOD_MATCH = YES;
				COPY_PHASE_STRIP = NO;
				DEBUG_INFORMATION_FORMAT = "dwarf-with-dsym";
				ENABLE_NS_ASSERTIONS = NO;
				ENABLE_STRICT_OBJC_MSGSEND = YES;
				GCC_C_LANGUAGE_STANDARD = gnu11;
				GCC_NO_COMMON_BLOCKS = YES;
				GCC_WARN_64_TO_32_BIT_CONVERSION = YES;
				GCC_WARN_ABOUT_RETURN_TYPE = YES_ERROR;
				GCC_WARN_UNDECLARED_SELECTOR = YES;
				GCC_WARN_UNINITIALIZED_AUTOS = YES_AGGRESSIVE;
				GCC_WARN_UNUSED_FUNCTION = YES;
				GCC_WARN_UNUSED_VARIABLE = YES;
				IPHONEOS_DEPLOYMENT_TARGET = 15.4;
				MTL_ENABLE_DEBUG_INFO = NO;
				MTL_FAST_MATH = YES;
				SDKROOT = iphoneos;
				SWIFT_COMPILATION_MODE = wholemodule;
				SWIFT_OPTIMIZATION_LEVEL = "-O";
				VALIDATE_PRODUCT = YES;
			};
			name = Release;
		};
		9AB28C2728328885004C5A41 /* Debug */ = {
			isa = XCBuildConfiguration;
			buildSettings = {
				ASSETCATALOG_COMPILER_APPICON_NAME = AppIcon;
				ASSETCATALOG_COMPILER_GLOBAL_ACCENT_COLOR_NAME = AccentColor;
				CODE_SIGN_STYLE = Automatic;
				CURRENT_PROJECT_VERSION = 1;
				GENERATE_INFOPLIST_FILE = YES;
				INFOPLIST_FILE = Project2022IOS/Info.plist;
				INFOPLIST_KEY_UIApplicationSupportsIndirectInputEvents = YES;
				INFOPLIST_KEY_UILaunchStoryboardName = LaunchScreen;
				INFOPLIST_KEY_UIMainStoryboardFile = Main;
				INFOPLIST_KEY_UISupportedInterfaceOrientations_iPad = "UIInterfaceOrientationPortrait UIInterfaceOrientationPortraitUpsideDown UIInterfaceOrientationLandscapeLeft UIInterfaceOrientationLandscapeRight";
				INFOPLIST_KEY_UISupportedInterfaceOrientations_iPhone = "UIInterfaceOrientationPortrait UIInterfaceOrientationLandscapeLeft UIInterfaceOrientationLandscapeRight";
				LD_RUNPATH_SEARCH_PATHS = (
					"$(inherited)",
					"@executable_path/Frameworks",
				);
				MARKETING_VERSION = 1.0;
				PRODUCT_BUNDLE_IDENTIFIER = ltios.Project2022IOS;
				PRODUCT_NAME = "$(TARGET_NAME)";
				SWIFT_EMIT_LOC_STRINGS = YES;
				SWIFT_VERSION = 5.0;
				TARGETED_DEVICE_FAMILY = "1,2";
			};
			name = Debug;
		};
		9AB28C2828328885004C5A41 /* Release */ = {
			isa = XCBuildConfiguration;
			buildSettings = {
				ASSETCATALOG_COMPILER_APPICON_NAME = AppIcon;
				ASSETCATALOG_COMPILER_GLOBAL_ACCENT_COLOR_NAME = AccentColor;
				CODE_SIGN_STYLE = Automatic;
				CURRENT_PROJECT_VERSION = 1;
				GENERATE_INFOPLIST_FILE = YES;
				INFOPLIST_FILE = Project2022IOS/Info.plist;
				INFOPLIST_KEY_UIApplicationSupportsIndirectInputEvents = YES;
				INFOPLIST_KEY_UILaunchStoryboardName = LaunchScreen;
				INFOPLIST_KEY_UIMainStoryboardFile = Main;
				INFOPLIST_KEY_UISupportedInterfaceOrientations_iPad = "UIInterfaceOrientationPortrait UIInterfaceOrientationPortraitUpsideDown UIInterfaceOrientationLandscapeLeft UIInterfaceOrientationLandscapeRight";
				INFOPLIST_KEY_UISupportedInterfaceOrientations_iPhone = "UIInterfaceOrientationPortrait UIInterfaceOrientationLandscapeLeft UIInterfaceOrientationLandscapeRight";
				LD_RUNPATH_SEARCH_PATHS = (
					"$(inherited)",
					"@executable_path/Frameworks",
				);
				MARKETING_VERSION = 1.0;
				PRODUCT_BUNDLE_IDENTIFIER = ltios.Project2022IOS;
				PRODUCT_NAME = "$(TARGET_NAME)";
				SWIFT_EMIT_LOC_STRINGS = YES;
				SWIFT_VERSION = 5.0;
				TARGETED_DEVICE_FAMILY = "1,2";
			};
			name = Release;
		};
/* End XCBuildConfiguration section */

/* Begin XCConfigurationList section */
		9AB28C0D28328874004C5A41 /* Build configuration list for PBXProject "Project2022IOS" */ = {
			isa = XCConfigurationList;
			buildConfigurations = (
				9AB28C2428328885004C5A41 /* Debug */,
				9AB28C2528328885004C5A41 /* Release */,
			);
			defaultConfigurationIsVisible = 0;
			defaultConfigurationName = Release;
		};
		9AB28C2628328885004C5A41 /* Build configuration list for PBXNativeTarget "Project2022IOS" */ = {
			isa = XCConfigurationList;
			buildConfigurations = (
				9AB28C2728328885004C5A41 /* Debug */,
				9AB28C2828328885004C5A41 /* Release */,
			);
			defaultConfigurationIsVisible = 0;
			defaultConfigurationName = Release;
		};
/* End XCConfigurationList section */
	};
	rootObject = 9AB28C0A28328874004C5A41 /* Project object */;
}
